
Microsoft Visual Studio Solution File, Format Version 12.00
# Visual Studio 14
VisualStudioVersion = 14.0.24720.0
MinimumVisualStudioVersion = 10.0.40219.1
Project("{FAE04EC0-301F-11D3-BF4B-00C04F79EFBC}") = "IdentityServer", "IdentityServer\IdentityServer.csproj", "{86850921-D328-47BF-B7B1-30D04687F0F4}"
EndProject
Project("{FAE04EC0-301F-11D3-BF4B-00C04F79EFBC}") = "JsApplication", "JsApplication\JsApplication.csproj", "{5289B23A-0160-459C-95E4-C6EF782DA489}"
EndProject
Project("{FAE04EC0-301F-11D3-BF4B-00C04F79EFBC}") = "Api", "Api\Api.csproj", "{E28F1123-C51B-4C8B-8192-1FD7E822DD5D}"
EndProject
Global
	GlobalSection(SolutionConfigurationPlatforms) = preSolution
		Debug|Any CPU = Debug|Any CPU
		Release|Any CPU = Release|Any CPU
	EndGlobalSection
	GlobalSection(ProjectConfigurationPlatforms) = postSolution
		{86850921-D328-47BF-B7B1-30D04687F0F4}.Debug|Any CPU.ActiveCfg = Debug|Any CPU
		{86850921-D328-47BF-B7B1-30D04687F0F4}.Debug|Any CPU.Build.0 = Debug|Any CPU
		{86850921-D328-47BF-B7B1-30D04687F0F4}.Release|Any CPU.ActiveCfg = Release|Any CPU
		{86850921-D328-47BF-B7B1-30D04687F0F4}.Release|Any CPU.Build.0 = Release|Any CPU
		{5289B23A-0160-459C-95E4-C6EF782DA489}.Debug|Any CPU.ActiveCfg = Debug|Any CPU
		{5289B23A-0160-459C-95E4-C6EF782DA489}.Debug|Any CPU.Build.0 = Debug|Any CPU
		{5289B23A-0160-459C-95E4-C6EF782DA489}.Release|Any CPU.ActiveCfg = Release|Any CPU
		{5289B23A-0160-459C-95E4-C6EF782DA489}.Release|Any CPU.Build.0 = Release|Any CPU
		{E28F1123-C51B-4C8B-8192-1FD7E822DD5D}.Debug|Any CPU.ActiveCfg = Debug|Any CPU
		{E28F1123-C51B-4C8B-8192-1FD7E822DD5D}.Debug|Any CPU.Build.0 = Debug|Any CPU
		{E28F1123-C51B-4C8B-8192-1FD7E822DD5D}.Release|Any CPU.ActiveCfg = Release|Any CPU
		{E28F1123-C51B-4C8B-8192-1FD7E822DD5D}.Release|Any CPU.Build.0 = Release|Any CPU
	EndGlobalSection
	GlobalSection(SolutionProperties) = preSolution
		HideSolutionNode = FALSE
	EndGlobalSection
EndGlobal
